
Microsoft Visual Studio Solution File, Format Version 12.00
# Visual Studio 15
VisualStudioVersion = 15.0.28307.645
MinimumVisualStudioVersion = 10.0.40219.1
Project("{159641D6-6404-4A2A-AE62-294DE0FE8301}") = "SSIS_project", "SSIS_project\SSIS_project.dtproj", "{C8DC3974-5150-4225-8017-8C74860F84FF}"
EndProject
Global
	GlobalSection(SolutionConfigurationPlatforms) = preSolution
		Development|Default = Development|Default
	EndGlobalSection
	GlobalSection(ProjectConfigurationPlatforms) = postSolution
		{C8DC3974-5150-4225-8017-8C74860F84FF}.Development|Default.ActiveCfg = Development
		{C8DC3974-5150-4225-8017-8C74860F84FF}.Development|Default.Build.0 = Development
	EndGlobalSection
	GlobalSection(SolutionProperties) = preSolution
		HideSolutionNode = FALSE
	EndGlobalSection
	GlobalSection(ExtensibilityGlobals) = postSolution
		SolutionGuid = {B5183E20-1FE2-46E9-85DC-ABD00038FF83}
	EndGlobalSection
EndGlobal
